<?xml version="1.0" encoding="utf-8"?>
<Project ToolsVersion="4.0" xmlns="http://schemas.microsoft.com/developer/msbuild/2003">
  <ItemGroup>
    <Filter Include="Source Files">
      <UniqueIdentifier>{4FC737F1-C7A5-4376-A066-2A32D752A2FF}</UniqueIdentifier>
      <Extensions>cpp;c;cc;cxx;c++;cppm;ixx;def;odl;idl;hpj;bat;asm;asmx</Extensions>
    </Filter>
    <Filter Include="Header Files">
      <UniqueIdentifier>{93995380-89BD-4b04-88EB-625FBE52EBFB}</UniqueIdentifier>
      <Extensions>h;hh;hpp;hxx;h++;hm;inl;inc;ipp;xsd</Extensions>
    </Filter>
    <Filter Include="Resource Files">
      <UniqueIdentifier>{67DA6AB6-F800-4c08-8B7A-83BB121AAD01}</UniqueIdentifier>
      <Extensions>rc;ico;cur;bmp;dlg;rc2;rct;bin;rgs;gif;jpg;jpeg;jpe;resx;tiff;tif;png;wav;mfcribbon-ms</Extensions>
    </Filter>
    <Filter Include="Header Files\Modules">
      <UniqueIdentifier>{300f0f3c-e770-4fa8-8c83-11215022218d}</UniqueIdentifier>
    </Filter>
    <Filter Include="Source Files\Modules">
      <UniqueIdentifier>{71023c46-3cbc-432b-89b1-7a152e23334a}</UniqueIdentifier>
    </Filter>
    <Filter Include="Header Files\NMS">
      <UniqueIdentifier>{caf34234-6d8d-4445-a2f3-a562eda2ac1b}</UniqueIdentifier>
    </Filter>
    <Filter Include="Header Files\NMS\Components">
      <UniqueIdentifier>{48845091-678b-4cc1-a1f4-fa0656bb55f1}</UniqueIdentifier>
    </Filter>
    <Filter Include="Header Files\NMS\Tool Kit">
      <UniqueIdentifier>{e99965ce-018e-4e01-97a5-a40733b99f64}</UniqueIdentifier>
    </Filter>
    <Filter Include="Header Files\NMS\Interfaces">
      <UniqueIdentifier>{bb2f3a52-2b82-4a90-a705-636b25bbb72b}</UniqueIdentifier>
    </Filter>
    <Filter Include="Header Files\NMS\Interfaces\Tool Kit">
      <UniqueIdentifier>{bcd10b6a-d122-4947-b4db-4576011dd4a3}</UniqueIdentifier>
    </Filter>
    <Filter Include="Header Files\NMS\NGui">
      <UniqueIdentifier>{b882a2b6-2414-4575-992e-cc1e3cb9cd01}</UniqueIdentifier>
    </Filter>
  </ItemGroup>
  <ItemGroup>
    <ClInclude Include="framework.h">
      <Filter>Header Files</Filter>
    </ClInclude>
    <ClInclude Include="pch.h">
      <Filter>Header Files</Filter>
    </ClInclude>
    <ClInclude Include="plugin.h">
      <Filter>Header Files</Filter>
    </ClInclude>
    <ClInclude Include="hooks.h">
      <Filter>Header Files</Filter>
    </ClInclude>
    <ClInclude Include="TextChatHandler.h">
      <Filter>Header Files\Modules</Filter>
    </ClInclude>
    <ClInclude Include="util.h">
      <Filter>Header Files</Filter>
    </ClInclude>
    <ClInclude Include="NMS\GcApplication.h">
      <Filter>Header Files\NMS\Components</Filter>
    </ClInclude>
    <ClInclude Include="NMS\GcTextChatInput.h">
      <Filter>Header Files\NMS\Components</Filter>
    </ClInclude>
    <ClInclude Include="NMS\TkFixedString.h">
      <Filter>Header Files\NMS\Tool Kit</Filter>
    </ClInclude>
    <ClInclude Include="NMS\GcTextChatManager.h">
      <Filter>Header Files\NMS\Components</Filter>
    </ClInclude>
    <ClInclude Include="NMS\GcNetworkMessageManager.h">
      <Filter>Header Files\NMS\Components</Filter>
    </ClInclude>
    <ClInclude Include="NMS\GcNetworkManager.h">
      <Filter>Header Files\NMS\Components</Filter>
    </ClInclude>
    <ClInclude Include="FrontendOptions.h">
      <Filter>Header Files\Modules</Filter>
    </ClInclude>
    <ClInclude Include="shadowtable.h">
      <Filter>Header Files</Filter>
    </ClInclude>
    <ClInclude Include="Core.h">
      <Filter>Header Files</Filter>
    </ClInclude>
    <ClInclude Include="ChatCommand.h">
      <Filter>Header Files</Filter>
    </ClInclude>
    <ClInclude Include="memory.h">
      <Filter>Header Files</Filter>
    </ClInclude>
    <ClInclude Include="NMS\GcNGuiElement.h">
      <Filter>Header Files\NMS\Components</Filter>
    </ClInclude>
    <ClInclude Include="NMS\GcNGuiText.h">
      <Filter>Header Files\NMS\Components</Filter>
    </ClInclude>
    <ClInclude Include="NMS\ITkNGuiDraggable.h">
      <Filter>Header Files\NMS\Interfaces\Tool Kit</Filter>
    </ClInclude>
    <ClInclude Include="NMS\TkVector2.h">
      <Filter>Header Files\NMS\Tool Kit</Filter>
    </ClInclude>
    <ClInclude Include="NMS\TkBBox2d.h">
      <Filter>Header Files\NMS\Tool Kit</Filter>
    </ClInclude>
    <ClInclude Include="NMS\NGuiInputType.h">
      <Filter>Header Files\NMS\NGui</Filter>
    </ClInclude>
    <ClInclude Include="NMS\NGuiAnimationEvent.h">
      <Filter>Header Files\NMS\NGui</Filter>
    </ClInclude>
  </ItemGroup>
  <ItemGroup>
    <ClCompile Include="dllmain.cpp">
      <Filter>Source Files</Filter>
    </ClCompile>
    <ClCompile Include="pch.cpp">
      <Filter>Source Files</Filter>
    </ClCompile>
    <ClCompile Include="hooks.cpp">
      <Filter>Source Files</Filter>
    </ClCompile>
    <ClCompile Include="TextChatHandler.cpp">
      <Filter>Source Files\Modules</Filter>
    </ClCompile>
    <ClCompile Include="FrontendOptions.cpp">
      <Filter>Source Files\Modules</Filter>
    </ClCompile>
    <ClCompile Include="Core.cpp">
      <Filter>Source Files</Filter>
    </ClCompile>
    <ClCompile Include="memory.cpp">
      <Filter>Source Files</Filter>
    </ClCompile>
  </ItemGroup>
</Project>