
Microsoft Visual Studio Solution File, Format Version 12.00
# Visual Studio Version 17
VisualStudioVersion = 17.6.33712.159
MinimumVisualStudioVersion = 10.0.40219.1
Project("{8BC9CEB8-8B4A-11D0-8D11-00A0C91BC942}") = "Thaumium", "Thaumium\Thaumium.vcxproj", "{2ED7624D-1EA6-4867-B540-556FBB657A39}"
EndProject
Global
	GlobalSection(SolutionConfigurationPlatforms) = preSolution
		Debug|x64 = Debug|x64
		Debug|x86 = Debug|x86
		Release|x64 = Release|x64
		Release|x86 = Release|x86
	EndGlobalSection
	GlobalSection(ProjectConfigurationPlatforms) = postSolution
		{2ED7624D-1EA6-4867-B540-556FBB657A39}.Debug|x64.ActiveCfg = Debug|x64
		{2ED7624D-1EA6-4867-B540-556FBB657A39}.Debug|x64.Build.0 = Debug|x64
		{2ED7624D-1EA6-4867-B540-556FBB657A39}.Debug|x86.ActiveCfg = Debug|Win32
		{2ED7624D-1EA6-4867-B540-556FBB657A39}.Debug|x86.Build.0 = Debug|Win32
		{2ED7624D-1EA6-4867-B540-556FBB657A39}.Release|x64.ActiveCfg = Release|x64
		{2ED7624D-1EA6-4867-B540-556FBB657A39}.Release|x64.Build.0 = Release|x64
		{2ED7624D-1EA6-4867-B540-556FBB657A39}.Release|x86.ActiveCfg = Release|Win32
		{2ED7624D-1EA6-4867-B540-556FBB657A39}.Release|x86.Build.0 = Release|Win32
	EndGlobalSection
	GlobalSection(SolutionProperties) = preSolution
		HideSolutionNode = FALSE
	EndGlobalSection
	GlobalSection(ExtensibilityGlobals) = postSolution
		SolutionGuid = {074B12A6-E7DC-4C7C-9849-37393F0DBD45}
	EndGlobalSection
EndGlobal
